
Microsoft Visual Studio Solution File, Format Version 12.00
# Visual Studio Version 17
VisualStudioVersion = 17.5.33627.172
MinimumVisualStudioVersion = 10.0.40219.1
Project("{9A19103F-16F7-4668-BE54-9A1E7A4F7556}") = "SilkWrapped.WebGPU", "SilkWrapped.WebGPU\SilkWrapped.WebGPU.csproj", "{E24C8A8D-5903-4D8A-BD11-98CC82982856}"
EndProject
Project("{9A19103F-16F7-4668-BE54-9A1E7A4F7556}") = "SilkWrapped.WebGPU.Example", "SilkWrapped.WebGPU.Example\SilkWrapped.WebGPU.Example.csproj", "{FB312ABB-32FF-4814-8E7E-5875605E1BC7}"
EndProject
Project("{9A19103F-16F7-4668-BE54-9A1E7A4F7556}") = "SilkWrapped.WebGPU.Generator", "SilkWrapped.WebGPU.Generator\SilkWrapped.WebGPU.Generator.csproj", "{48A94575-BD6B-49A6-80E2-0AD788A3F099}"
EndProject
Project("{FAE04EC0-301F-11D3-BF4B-00C04F79EFBC}") = "SilkWrapped.SourceGenerator", "SilkWrapped.SourceGenerator\SilkWrapped.SourceGenerator.csproj", "{D994DE9F-1935-4E35-A6DD-9F3C71D538A7}"
EndProject
Project("{FAE04EC0-301F-11D3-BF4B-00C04F79EFBC}") = "SilkWrapped.SourceGenerator.Debug", "SilkWrapped.SourceGenerator.Debug\SilkWrapped.SourceGenerator.Debug.csproj", "{B96A84CD-45E6-4FEE-823D-D0504CDC0E4E}"
EndProject
Global
	GlobalSection(SolutionConfigurationPlatforms) = preSolution
		Debug|Any CPU = Debug|Any CPU
		Release|Any CPU = Release|Any CPU
	EndGlobalSection
	GlobalSection(ProjectConfigurationPlatforms) = postSolution
		{E24C8A8D-5903-4D8A-BD11-98CC82982856}.Debug|Any CPU.ActiveCfg = Debug|Any CPU
		{E24C8A8D-5903-4D8A-BD11-98CC82982856}.Debug|Any CPU.Build.0 = Debug|Any CPU
		{E24C8A8D-5903-4D8A-BD11-98CC82982856}.Release|Any CPU.ActiveCfg = Release|Any CPU
		{E24C8A8D-5903-4D8A-BD11-98CC82982856}.Release|Any CPU.Build.0 = Release|Any CPU
		{FB312ABB-32FF-4814-8E7E-5875605E1BC7}.Debug|Any CPU.ActiveCfg = Debug|Any CPU
		{FB312ABB-32FF-4814-8E7E-5875605E1BC7}.Debug|Any CPU.Build.0 = Debug|Any CPU
		{FB312ABB-32FF-4814-8E7E-5875605E1BC7}.Release|Any CPU.ActiveCfg = Release|Any CPU
		{FB312ABB-32FF-4814-8E7E-5875605E1BC7}.Release|Any CPU.Build.0 = Release|Any CPU
		{48A94575-BD6B-49A6-80E2-0AD788A3F099}.Debug|Any CPU.ActiveCfg = Debug|Any CPU
		{48A94575-BD6B-49A6-80E2-0AD788A3F099}.Debug|Any CPU.Build.0 = Debug|Any CPU
		{48A94575-BD6B-49A6-80E2-0AD788A3F099}.Release|Any CPU.ActiveCfg = Release|Any CPU
		{48A94575-BD6B-49A6-80E2-0AD788A3F099}.Release|Any CPU.Build.0 = Release|Any CPU
		{D994DE9F-1935-4E35-A6DD-9F3C71D538A7}.Debug|Any CPU.ActiveCfg = Debug|Any CPU
		{D994DE9F-1935-4E35-A6DD-9F3C71D538A7}.Debug|Any CPU.Build.0 = Debug|Any CPU
		{D994DE9F-1935-4E35-A6DD-9F3C71D538A7}.Release|Any CPU.ActiveCfg = Release|Any CPU
		{D994DE9F-1935-4E35-A6DD-9F3C71D538A7}.Release|Any CPU.Build.0 = Release|Any CPU
		{B96A84CD-45E6-4FEE-823D-D0504CDC0E4E}.Debug|Any CPU.ActiveCfg = Debug|Any CPU
		{B96A84CD-45E6-4FEE-823D-D0504CDC0E4E}.Debug|Any CPU.Build.0 = Debug|Any CPU
		{B96A84CD-45E6-4FEE-823D-D0504CDC0E4E}.Release|Any CPU.ActiveCfg = Release|Any CPU
		{B96A84CD-45E6-4FEE-823D-D0504CDC0E4E}.Release|Any CPU.Build.0 = Release|Any CPU
	EndGlobalSection
	GlobalSection(SolutionProperties) = preSolution
		HideSolutionNode = FALSE
	EndGlobalSection
	GlobalSection(ExtensibilityGlobals) = postSolution
		SolutionGuid = {E035968C-86D4-4AC2-8391-665123FBAB11}
	EndGlobalSection
EndGlobal
